
Microsoft Visual Studio Solution File, Format Version 12.00
# Visual Studio Version 17
VisualStudioVersion = 17.1.32414.318
MinimumVisualStudioVersion = 10.0.40219.1
Project("{9A19103F-16F7-4668-BE54-9A1E7A4F7556}") = "Edabit", "EdabitChallenges\Edabit.csproj", "{F596FE83-D240-42FC-82B6-74A216302E22}"
EndProject
Project("{FAE04EC0-301F-11D3-BF4B-00C04F79EFBC}") = "Edabit.Test", "Edabit.Test\Edabit.Test.csproj", "{5EA057B3-D70D-4602-9BAF-252F85FE55D2}"
EndProject
Global
	GlobalSection(SolutionConfigurationPlatforms) = preSolution
		Debug|Any CPU = Debug|Any CPU
		Release|Any CPU = Release|Any CPU
	EndGlobalSection
	GlobalSection(ProjectConfigurationPlatforms) = postSolution
		{F596FE83-D240-42FC-82B6-74A216302E22}.Debug|Any CPU.ActiveCfg = Debug|Any CPU
		{F596FE83-D240-42FC-82B6-74A216302E22}.Debug|Any CPU.Build.0 = Debug|Any CPU
		{F596FE83-D240-42FC-82B6-74A216302E22}.Release|Any CPU.ActiveCfg = Release|Any CPU
		{F596FE83-D240-42FC-82B6-74A216302E22}.Release|Any CPU.Build.0 = Release|Any CPU
		{5EA057B3-D70D-4602-9BAF-252F85FE55D2}.Debug|Any CPU.ActiveCfg = Debug|Any CPU
		{5EA057B3-D70D-4602-9BAF-252F85FE55D2}.Debug|Any CPU.Build.0 = Debug|Any CPU
		{5EA057B3-D70D-4602-9BAF-252F85FE55D2}.Release|Any CPU.ActiveCfg = Release|Any CPU
		{5EA057B3-D70D-4602-9BAF-252F85FE55D2}.Release|Any CPU.Build.0 = Release|Any CPU
	EndGlobalSection
	GlobalSection(SolutionProperties) = preSolution
		HideSolutionNode = FALSE
	EndGlobalSection
	GlobalSection(ExtensibilityGlobals) = postSolution
		SolutionGuid = {4874980E-8FFA-415F-864D-4833F9FAE0DC}
	EndGlobalSection
EndGlobal
